
Microsoft Visual Studio Solution File, Format Version 12.00
# Visual Studio Version 17
VisualStudioVersion = 17.11.35327.3
MinimumVisualStudioVersion = 10.0.40219.1
Project("{FAE04EC0-301F-11D3-BF4B-00C04F79EFBC}") = "Radius_hisap", "Radius_hisap\Radius_hisap.csproj", "{91722543-538F-423F-82B3-509E8C121EC3}"
EndProject
Global
	GlobalSection(SolutionConfigurationPlatforms) = preSolution
		Debug|Any CPU = Debug|Any CPU
		Release|Any CPU = Release|Any CPU
	EndGlobalSection
	GlobalSection(ProjectConfigurationPlatforms) = postSolution
		{91722543-538F-423F-82B3-509E8C121EC3}.Debug|Any CPU.ActiveCfg = Debug|Any CPU
		{91722543-538F-423F-82B3-509E8C121EC3}.Debug|Any CPU.Build.0 = Debug|Any CPU
		{91722543-538F-423F-82B3-509E8C121EC3}.Release|Any CPU.ActiveCfg = Release|Any CPU
		{91722543-538F-423F-82B3-509E8C121EC3}.Release|Any CPU.Build.0 = Release|Any CPU
	EndGlobalSection
	GlobalSection(SolutionProperties) = preSolution
		HideSolutionNode = FALSE
	EndGlobalSection
	GlobalSection(ExtensibilityGlobals) = postSolution
		SolutionGuid = {C72C48D7-4CD0-4406-88ED-FC73CD386659}
	EndGlobalSection
EndGlobal
